// !$*UTF8*$!
{
	archiveVersion = 1;
	classes = {
	};
	objectVersion = 77;
	objects = {

/* Begin PBXBuildFile section */
		7E276C372F3DD0A3009D09C6 /* Profile.swift in Sources */ = {isa = PBXBuildFile; fileRef = 7E276C362F3DD09E009D09C6 /* Profile.swift */; };
		7E9545E02F3F120A00690792 /* Auth.swift in Sources */ = {isa = PBXBuildFile; fileRef = 7E9545DF2F3F120300690792 /* Auth.swift */; };
		7ED344A72F3B1B5A0055869D /* SnapItem.swift in Sources */ = {isa = PBXBuildFile; fileRef = 7ED344A32F3B1B5A0055869D /* SnapItem.swift */; };
		7ED344A82F3B1B5A0055869D /* HomeViewModel.swift in Sources */ = {isa = PBXBuildFile; fileRef = 7ED3449F2F3B1B5A0055869D /* HomeViewModel.swift */; };
		7ED344A92F3B1B5A0055869D /* CameraViewController.swift in Sources */ = {isa = PBXBuildFile; fileRef = 7ED3449A2F3B1B5A0055869D /* CameraViewController.swift */; };
		7ED344AA2F3B1B5A0055869D /* DetailView.swift in Sources */ = {isa = PBXBuildFile; fileRef = 7ED3449D2F3B1B5A0055869D /* DetailView.swift */; };
		7ED344AB2F3B1B5A0055869D /* CameraView.swift in Sources */ = {isa = PBXBuildFile; fileRef = 7ED344992F3B1B5A0055869D /* CameraView.swift */; };
		7ED344AC2F3B1B5A0055869D /* HomeView.swift in Sources */ = {isa = PBXBuildFile; fileRef = 7ED3449E2F3B1B5A0055869D /* HomeView.swift */; };
/* End PBXBuildFile section */

/* Begin PBXFileReference section */
		7E276C362F3DD09E009D09C6 /* Profile.swift */ = {isa = PBXFileReference; lastKnownFileType = sourcecode.swift; path = Profile.swift; sourceTree = "<group>"; };
		7E9545DF2F3F120300690792 /* Auth.swift */ = {isa = PBXFileReference; lastKnownFileType = sourcecode.swift; path = Auth.swift; sourceTree = "<group>"; };
		7ED3448B2F3B1B260055869D /* SnapNote.app */ = {isa = PBXFileReference; explicitFileType = wrapper.application; includeInIndex = 0; path = SnapNote.app; sourceTree = BUILT_PRODUCTS_DIR; };
		7ED344992F3B1B5A0055869D /* CameraView.swift */ = {isa = PBXFileReference; lastKnownFileType = sourcecode.swift; path = CameraView.swift; sourceTree = "<group>"; };
		7ED3449A2F3B1B5A0055869D /* CameraViewController.swift */ = {isa = PBXFileReference; lastKnownFileType = sourcecode.swift; path = CameraViewController.swift; sourceTree = "<group>"; };
		7ED3449D2F3B1B5A0055869D /* DetailView.swift */ = {isa = PBXFileReference; lastKnownFileType = sourcecode.swift; path = DetailView.swift; sourceTree = "<group>"; };
		7ED3449E2F3B1B5A0055869D /* HomeView.swift */ = {isa = PBXFileReference; lastKnownFileType = sourcecode.swift; path = HomeView.swift; sourceTree = "<group>"; };
		7ED3449F2F3B1B5A0055869D /* HomeViewModel.swift */ = {isa = PBXFileReference; lastKnownFileType = sourcecode.swift; path = HomeViewModel.swift; sourceTree = "<group>"; };
		7ED344A32F3B1B5A0055869D /* SnapItem.swift */ = {isa = PBXFileReference; lastKnownFileType = sourcecode.swift; path = SnapItem.swift; sourceTree = "<group>"; };
/* End PBXFileReference section */

/* Begin PBXFileSystemSynchronizedBuildFileExceptionSet section */
		7E276C422F3DD2DC009D09C6 /* Exceptions for "Profile" folder in "SnapNote" target */ = {
			isa = PBXFileSystemSynchronizedBuildFileExceptionSet;
			membershipExceptions = (
				StatView.swift,
			);
			target = 7ED3448A2F3B1B260055869D /* SnapNote */;
		};
/* End PBXFileSystemSynchronizedBuildFileExceptionSet section */

/* Begin PBXFileSystemSynchronizedRootGroup section */
		7E276C382F3DD0D4009D09C6 /* Profile */ = {
			isa = PBXFileSystemSynchronizedRootGroup;
			exceptions = (
				7E276C422F3DD2DC009D09C6 /* Exceptions for "Profile" folder in "SnapNote" target */,
			);
			path = Profile;
			sourceTree = "<group>";
		};
		7E9545E12F3F122600690792 /* Auth */ = {
			isa = PBXFileSystemSynchronizedRootGroup;
			path = Auth;
			sourceTree = "<group>";
		};
		7E9545E52F3F129600690792 /* Service */ = {
			isa = PBXFileSystemSynchronizedRootGroup;
			path = Service;
			sourceTree = "<group>";
		};
		7ED3448D2F3B1B260055869D /* SnapNote */ = {
			isa = PBXFileSystemSynchronizedRootGroup;
			path = SnapNote;
			sourceTree = "<group>";
		};
/* End PBXFileSystemSynchronizedRootGroup section */

/* Begin PBXFrameworksBuildPhase section */
		7ED344882F3B1B260055869D /* Frameworks */ = {
			isa = PBXFrameworksBuildPhase;
			buildActionMask = 2147483647;
			files = (
			);
			runOnlyForDeploymentPostprocessing = 0;
		};
/* End PBXFrameworksBuildPhase section */

/* Begin PBXGroup section */
		7ED344822F3B1B260055869D = {
			isa = PBXGroup;
			children = (
				7E9545E52F3F129600690792 /* Service */,
				7ED344A22F3B1B5A0055869D /* Feature */,
				7ED344A42F3B1B5A0055869D /* Model */,
				7ED344A52F3B1B5A0055869D /* Network */,
				7ED344A62F3B1B5A0055869D /* Utils */,
				7ED3448D2F3B1B260055869D /* SnapNote */,
				7ED3448C2F3B1B260055869D /* Products */,
			);
			sourceTree = "<group>";
		};
		7ED3448C2F3B1B260055869D /* Products */ = {
			isa = PBXGroup;
			children = (
				7ED3448B2F3B1B260055869D /* SnapNote.app */,
			);
			name = Products;
			sourceTree = "<group>";
		};
		7ED3449B2F3B1B5A0055869D /* Camera */ = {
			isa = PBXGroup;
			children = (
				7ED344992F3B1B5A0055869D /* CameraView.swift */,
				7ED3449A2F3B1B5A0055869D /* CameraViewController.swift */,
			);
			path = Camera;
			sourceTree = "<group>";
		};
		7ED3449C2F3B1B5A0055869D /* Detail */ = {
			isa = PBXGroup;
			children = (
			);
			path = Detail;
			sourceTree = "<group>";
		};
		7ED344A02F3B1B5A0055869D /* Home */ = {
			isa = PBXGroup;
			children = (
				7ED3449D2F3B1B5A0055869D /* DetailView.swift */,
				7ED3449E2F3B1B5A0055869D /* HomeView.swift */,
				7ED3449F2F3B1B5A0055869D /* HomeViewModel.swift */,
			);
			path = Home;
			sourceTree = "<group>";
		};
		7ED344A12F3B1B5A0055869D /* Settings */ = {
			isa = PBXGroup;
			children = (
			);
			path = Settings;
			sourceTree = "<group>";
		};
		7ED344A22F3B1B5A0055869D /* Feature */ = {
			isa = PBXGroup;
			children = (
				7E9545E12F3F122600690792 /* Auth */,
				7E276C382F3DD0D4009D09C6 /* Profile */,
				7ED3449B2F3B1B5A0055869D /* Camera */,
				7ED3449C2F3B1B5A0055869D /* Detail */,
				7ED344A02F3B1B5A0055869D /* Home */,
				7ED344A12F3B1B5A0055869D /* Settings */,
			);
			path = Feature;
			sourceTree = "<group>";
		};
		7ED344A42F3B1B5A0055869D /* Model */ = {
			isa = PBXGroup;
			children = (
				7E9545DF2F3F120300690792 /* Auth.swift */,
				7E276C362F3DD09E009D09C6 /* Profile.swift */,
				7ED344A32F3B1B5A0055869D /* SnapItem.swift */,
			);
			path = Model;
			sourceTree = "<group>";
		};
		7ED344A52F3B1B5A0055869D /* Network */ = {
			isa = PBXGroup;
			children = (
			);
			path = Network;
			sourceTree = "<group>";
		};
		7ED344A62F3B1B5A0055869D /* Utils */ = {
			isa = PBXGroup;
			children = (
			);
			path = Utils;
			sourceTree = "<group>";
		};
/* End PBXGroup section */

/* Begin PBXNativeTarget section */
		7ED3448A2F3B1B260055869D /* SnapNote */ = {
			isa = PBXNativeTarget;
			buildConfigurationList = 7ED344962F3B1B280055869D /* Build configuration list for PBXNativeTarget "SnapNote" */;
			buildPhases = (
				7ED344872F3B1B260055869D /* Sources */,
				7ED344882F3B1B260055869D /* Frameworks */,
				7ED344892F3B1B260055869D /* Resources */,
			);
			buildRules = (
			);
			dependencies = (
			);
			fileSystemSynchronizedGroups = (
				7E276C382F3DD0D4009D09C6 /* Profile */,
				7E9545E12F3F122600690792 /* Auth */,
				7E9545E52F3F129600690792 /* Service */,
				7ED3448D2F3B1B260055869D /* SnapNote */,
			);
			name = SnapNote;
			packageProductDependencies = (
			);
			productName = SnapNote;
			productReference = 7ED3448B2F3B1B260055869D /* SnapNote.app */;
			productType = "com.apple.product-type.application";
		};
/* End PBXNativeTarget section */

/* Begin PBXProject section */
		7ED344832F3B1B260055869D /* Project object */ = {
			isa = PBXProject;
			attributes = {
				BuildIndependentTargetsInParallel = 1;
				LastSwiftUpdateCheck = 2620;
				LastUpgradeCheck = 2620;
				TargetAttributes = {
					7ED3448A2F3B1B260055869D = {
						CreatedOnToolsVersion = 26.2;
					};
				};
			};
			buildConfigurationList = 7ED344862F3B1B260055869D /* Build configuration list for PBXProject "SnapNote" */;
			developmentRegion = en;
			hasScannedForEncodings = 0;
			knownRegions = (
				en,
				Base,
			);
			mainGroup = 7ED344822F3B1B260055869D;
			minimizedProjectReferenceProxies = 1;
			preferredProjectObjectVersion = 77;
			productRefGroup = 7ED3448C2F3B1B260055869D /* Products */;
			projectDirPath = "";
			projectRoot = "";
			targets = (
				7ED3448A2F3B1B260055869D /* SnapNote */,
			);
		};
/* End PBXProject section */

/* Begin PBXResourcesBuildPhase section */
		7ED344892F3B1B260055869D /* Resources */ = {
			isa = PBXResourcesBuildPhase;
			buildActionMask = 2147483647;
			files = (
			);
			runOnlyForDeploymentPostprocessing = 0;
		};
/* End PBXResourcesBuildPhase section */

/* Begin PBXSourcesBuildPhase section */
		7ED344872F3B1B260055869D /* Sources */ = {
			isa = PBXSourcesBuildPhase;
			buildActionMask = 2147483647;
			files = (
				7ED344A72F3B1B5A0055869D /* SnapItem.swift in Sources */,
				7ED344A82F3B1B5A0055869D /* HomeViewModel.swift in Sources */,
				7ED344A92F3B1B5A0055869D /* CameraViewController.swift in Sources */,
				7ED344AA2F3B1B5A0055869D /* DetailView.swift in Sources */,
				7ED344AB2F3B1B5A0055869D /* CameraView.swift in Sources */,
				7E276C372F3DD0A3009D09C6 /* Profile.swift in Sources */,
				7ED344AC2F3B1B5A0055869D /* HomeView.swift in Sources */,
				7E9545E02F3F120A00690792 /* Auth.swift in Sources */,
			);
			runOnlyForDeploymentPostprocessing = 0;
		};
/* End PBXSourcesBuildPhase section */

/* Begin XCBuildConfiguration section */
		7ED344942F3B1B280055869D /* Debug */ = {
			isa = XCBuildConfiguration;
			buildSettings = {
				ALWAYS_SEARCH_USER_PATHS = NO;
				ASSETCATALOG_COMPILER_GENERATE_SWIFT_ASSET_SYMBOL_EXTENSIONS = YES;
				CLANG_ANALYZER_NONNULL = YES;
				CLANG_ANALYZER_NUMBER_OBJECT_CONVERSION = YES_AGGRESSIVE;
				CLANG_CXX_LANGUAGE_STANDARD = "gnu++20";
				CLANG_ENABLE_MODULES = YES;
				CLANG_ENABLE_OBJC_ARC = YES;
				CLANG_ENABLE_OBJC_WEAK = YES;
				CLANG_WARN_BLOCK_CAPTURE_AUTORELEASING = YES;
				CLANG_WARN_BOOL_CONVERSION = YES;
				CLANG_WARN_COMMA = YES;
				CLANG_WARN_CONSTANT_CONVERSION = YES;
				CLANG_WARN_DEPRECATED_OBJC_IMPLEMENTATIONS = YES;
				CLANG_WARN_DIRECT_OBJC_ISA_USAGE = YES_ERROR;
				CLANG_WARN_DOCUMENTATION_COMMENTS = YES;
				CLANG_WARN_EMPTY_BODY = YES;
				CLANG_WARN_ENUM_CONVERSION = YES;
				CLANG_WARN_INFINITE_RECURSION = YES;
				CLANG_WARN_INT_CONVERSION = YES;
				CLANG_WARN_NON_LITERAL_NULL_CONVERSION = YES;
				CLANG_WARN_OBJC_IMPLICIT_RETAIN_SELF = YES;
				CLANG_WARN_OBJC_LITERAL_CONVERSION = YES;
				CLANG_WARN_OBJC_ROOT_CLASS = YES_ERROR;
				CLANG_WARN_QUOTED_INCLUDE_IN_FRAMEWORK_HEADER = YES;
				CLANG_WARN_RANGE_LOOP_ANALYSIS = YES;
				CLANG_WARN_STRICT_PROTOTYPES = YES;
				CLANG_WARN_SUSPICIOUS_MOVE = YES;
				CLANG_WARN_UNGUARDED_AVAILABILITY = YES_AGGRESSIVE;
				CLANG_WARN_UNREACHABLE_CODE = YES;
				CLANG_WARN__DUPLICATE_METHOD_MATCH = YES;
				COPY_PHASE_STRIP = NO;
				DEBUG_INFORMATION_FORMAT = dwarf;
				DEVELOPMENT_TEAM = U42J28T86E;
				ENABLE_STRICT_OBJC_MSGSEND = YES;
				ENABLE_TESTABILITY = YES;
				ENABLE_USER_SCRIPT_SANDBOXING = YES;
				GCC_C_LANGUAGE_STANDARD = gnu17;
				GCC_DYNAMIC_NO_PIC = NO;
				GCC_NO_COMMON_BLOCKS = YES;
				GCC_OPTIMIZATION_LEVEL = 0;
				GCC_PREPROCESSOR_DEFINITIONS = (
					"DEBUG=1",
					"$(inherited)",
				);
				GCC_WARN_64_TO_32_BIT_CONVERSION = YES;
				GCC_WARN_ABOUT_RETURN_TYPE = YES_ERROR;
				GCC_WARN_UNDECLARED_SELECTOR = YES;
				GCC_WARN_UNINITIALIZED_AUTOS = YES_AGGRESSIVE;
				GCC_WARN_UNUSED_FUNCTION = YES;
				GCC_WARN_UNUSED_VARIABLE = YES;
				IPHONEOS_DEPLOYMENT_TARGET = 26.2;
				LOCALIZATION_PREFERS_STRING_CATALOGS = YES;
				MTL_ENABLE_DEBUG_INFO = INCLUDE_SOURCE;
				MTL_FAST_MATH = YES;
				ONLY_ACTIVE_ARCH = YES;
				SDKROOT = iphoneos;
				SWIFT_ACTIVE_COMPILATION_CONDITIONS = "DEBUG $(inherited)";
				SWIFT_OPTIMIZATION_LEVEL = "-Onone";
			};
			name = Debug;
		};
		7ED344952F3B1B280055869D /* Release */ = {
			isa = XCBuildConfiguration;
			buildSettings = {
				ALWAYS_SEARCH_USER_PATHS = NO;
				ASSETCATALOG_COMPILER_GENERATE_SWIFT_ASSET_SYMBOL_EXTENSIONS = YES;
				CLANG_ANALYZER_NONNULL = YES;
				CLANG_ANALYZER_NUMBER_OBJECT_CONVERSION = YES_AGGRESSIVE;
				CLANG_CXX_LANGUAGE_STANDARD = "gnu++20";
				CLANG_ENABLE_MODULES = YES;
				CLANG_ENABLE_OBJC_ARC = YES;
				CLANG_ENABLE_OBJC_WEAK = YES;
				CLANG_WARN_BLOCK_CAPTURE_AUTORELEASING = YES;
				CLANG_WARN_BOOL_CONVERSION = YES;
				CLANG_WARN_COMMA = YES;
				CLANG_WARN_CONSTANT_CONVERSION = YES;
				CLANG_WARN_DEPRECATED_OBJC_IMPLEMENTATIONS = YES;
				CLANG_WARN_DIRECT_OBJC_ISA_USAGE = YES_ERROR;
				CLANG_WARN_DOCUMENTATION_COMMENTS = YES;
				CLANG_WARN_EMPTY_BODY = YES;
				CLANG_WARN_ENUM_CONVERSION = YES;
				CLANG_WARN_INFINITE_RECURSION = YES;
				CLANG_WARN_INT_CONVERSION = YES;
				CLANG_WARN_NON_LITERAL_NULL_CONVERSION = YES;
				CLANG_WARN_OBJC_IMPLICIT_RETAIN_SELF = YES;
				CLANG_WARN_OBJC_LITERAL_CONVERSION = YES;
				CLANG_WARN_OBJC_ROOT_CLASS = YES_ERROR;
				CLANG_WARN_QUOTED_INCLUDE_IN_FRAMEWORK_HEADER = YES;
				CLANG_WARN_RANGE_LOOP_ANALYSIS = YES;
				CLANG_WARN_STRICT_PROTOTYPES = YES;
				CLANG_WARN_SUSPICIOUS_MOVE = YES;
				CLANG_WARN_UNGUARDED_AVAILABILITY = YES_AGGRESSIVE;
				CLANG_WARN_UNREACHABLE_CODE = YES;
				CLANG_WARN__DUPLICATE_METHOD_MATCH = YES;
				COPY_PHASE_STRIP = NO;
				DEBUG_INFORMATION_FORMAT = "dwarf-with-dsym";
				DEVELOPMENT_TEAM = U42J28T86E;
				ENABLE_NS_ASSERTIONS = NO;
				ENABLE_STRICT_OBJC_MSGSEND = YES;
				ENABLE_USER_SCRIPT_SANDBOXING = YES;
				GCC_C_LANGUAGE_STANDARD = gnu17;
				GCC_NO_COMMON_BLOCKS = YES;
				GCC_WARN_64_TO_32_BIT_CONVERSION = YES;
				GCC_WARN_ABOUT_RETURN_TYPE = YES_ERROR;
				GCC_WARN_UNDECLARED_SELECTOR = YES;
				GCC_WARN_UNINITIALIZED_AUTOS = YES_AGGRESSIVE;
				GCC_WARN_UNUSED_FUNCTION = YES;
				GCC_WARN_UNUSED_VARIABLE = YES;
				IPHONEOS_DEPLOYMENT_TARGET = 26.2;
				LOCALIZATION_PREFERS_STRING_CATALOGS = YES;
				MTL_ENABLE_DEBUG_INFO = NO;
				MTL_FAST_MATH = YES;
				SDKROOT = iphoneos;
				SWIFT_COMPILATION_MODE = wholemodule;
				VALIDATE_PRODUCT = YES;
			};
			name = Release;
		};
		7ED344972F3B1B280055869D /* Debug */ = {
			isa = XCBuildConfiguration;
			buildSettings = {
				ASSETCATALOG_COMPILER_APPICON_NAME = AppIcon;
				ASSETCATALOG_COMPILER_GLOBAL_ACCENT_COLOR_NAME = AccentColor;
				CODE_SIGN_STYLE = Automatic;
				CURRENT_PROJECT_VERSION = 1;
				DEVELOPMENT_TEAM = U42J28T86E;
				ENABLE_PREVIEWS = YES;
				GENERATE_INFOPLIST_FILE = YES;
				INFOPLIST_KEY_UIApplicationSceneManifest_Generation = YES;
				INFOPLIST_KEY_UIApplicationSupportsIndirectInputEvents = YES;
				INFOPLIST_KEY_UILaunchScreen_Generation = YES;
				INFOPLIST_KEY_UISupportedInterfaceOrientations_iPad = "UIInterfaceOrientationPortrait UIInterfaceOrientationPortraitUpsideDown UIInterfaceOrientationLandscapeLeft UIInterfaceOrientationLandscapeRight";
				INFOPLIST_KEY_UISupportedInterfaceOrientations_iPhone = "UIInterfaceOrientationPortrait UIInterfaceOrientationLandscapeLeft UIInterfaceOrientationLandscapeRight";
				LD_RUNPATH_SEARCH_PATHS = (
					"$(inherited)",
					"@executable_path/Frameworks",
				);
				MARKETING_VERSION = 1.0;
				PRODUCT_BUNDLE_IDENTIFIER = whx.SnapNote;
				PRODUCT_NAME = "$(TARGET_NAME)";
				STRING_CATALOG_GENERATE_SYMBOLS = YES;
				SWIFT_APPROACHABLE_CONCURRENCY = YES;
				SWIFT_DEFAULT_ACTOR_ISOLATION = MainActor;
				SWIFT_EMIT_LOC_STRINGS = YES;
				SWIFT_UPCOMING_FEATURE_MEMBER_IMPORT_VISIBILITY = YES;
				SWIFT_VERSION = 5.0;
				TARGETED_DEVICE_FAMILY = "1,2";
			};
			name = Debug;
		};
		7ED344982F3B1B280055869D /* Release */ = {
			isa = XCBuildConfiguration;
			buildSettings = {
				ASSETCATALOG_COMPILER_APPICON_NAME = AppIcon;
				ASSETCATALOG_COMPILER_GLOBAL_ACCENT_COLOR_NAME = AccentColor;
				CODE_SIGN_STYLE = Automatic;
				CURRENT_PROJECT_VERSION = 1;
				DEVELOPMENT_TEAM = U42J28T86E;
				ENABLE_PREVIEWS = YES;
				GENERATE_INFOPLIST_FILE = YES;
				INFOPLIST_KEY_UIApplicationSceneManifest_Generation = YES;
				INFOPLIST_KEY_UIApplicationSupportsIndirectInputEvents = YES;
				INFOPLIST_KEY_UILaunchScreen_Generation = YES;
				INFOPLIST_KEY_UISupportedInterfaceOrientations_iPad = "UIInterfaceOrientationPortrait UIInterfaceOrientationPortraitUpsideDown UIInterfaceOrientationLandscapeLeft UIInterfaceOrientationLandscapeRight";
				INFOPLIST_KEY_UISupportedInterfaceOrientations_iPhone = "UIInterfaceOrientationPortrait UIInterfaceOrientationLandscapeLeft UIInterfaceOrientationLandscapeRight";
				LD_RUNPATH_SEARCH_PATHS = (
					"$(inherited)",
					"@executable_path/Frameworks",
				);
				MARKETING_VERSION = 1.0;
				PRODUCT_BUNDLE_IDENTIFIER = whx.SnapNote;
				PRODUCT_NAME = "$(TARGET_NAME)";
				STRING_CATALOG_GENERATE_SYMBOLS = YES;
				SWIFT_APPROACHABLE_CONCURRENCY = YES;
				SWIFT_DEFAULT_ACTOR_ISOLATION = MainActor;
				SWIFT_EMIT_LOC_STRINGS = YES;
				SWIFT_UPCOMING_FEATURE_MEMBER_IMPORT_VISIBILITY = YES;
				SWIFT_VERSION = 5.0;
				TARGETED_DEVICE_FAMILY = "1,2";
			};
			name = Release;
		};
/* End XCBuildConfiguration section */

/* Begin XCConfigurationList section */
		7ED344862F3B1B260055869D /* Build configuration list for PBXProject "SnapNote" */ = {
			isa = XCConfigurationList;
			buildConfigurations = (
				7ED344942F3B1B280055869D /* Debug */,
				7ED344952F3B1B280055869D /* Release */,
			);
			defaultConfigurationIsVisible = 0;
			defaultConfigurationName = Release;
		};
		7ED344962F3B1B280055869D /* Build configuration list for PBXNativeTarget "SnapNote" */ = {
			isa = XCConfigurationList;
			buildConfigurations = (
				7ED344972F3B1B280055869D /* Debug */,
				7ED344982F3B1B280055869D /* Release */,
			);
			defaultConfigurationIsVisible = 0;
			defaultConfigurationName = Release;
		};
/* End XCConfigurationList section */
	};
	rootObject = 7ED344832F3B1B260055869D /* Project object */;
}
